
Microsoft Visual Studio Solution File, Format Version 12.00
# Visual Studio Version 16
VisualStudioVersion = 16.0.30711.63
MinimumVisualStudioVersion = 10.0.40219.1
Project("{FAE04EC0-301F-11D3-BF4B-00C04F79EFBC}") = "Assignment_1", "Assignment_1\Assignment_1.csproj", "{A7A94367-CC8E-4FA1-9E66-AA0A78250979}"
EndProject
Global
	GlobalSection(SolutionConfigurationPlatforms) = preSolution
		Debug|Any CPU = Debug|Any CPU
		Release|Any CPU = Release|Any CPU
	EndGlobalSection
	GlobalSection(ProjectConfigurationPlatforms) = postSolution
		{A7A94367-CC8E-4FA1-9E66-AA0A78250979}.Debug|Any CPU.ActiveCfg = Debug|Any CPU
		{A7A94367-CC8E-4FA1-9E66-AA0A78250979}.Debug|Any CPU.Build.0 = Debug|Any CPU
		{A7A94367-CC8E-4FA1-9E66-AA0A78250979}.Release|Any CPU.ActiveCfg = Release|Any CPU
		{A7A94367-CC8E-4FA1-9E66-AA0A78250979}.Release|Any CPU.Build.0 = Release|Any CPU
	EndGlobalSection
	GlobalSection(SolutionProperties) = preSolution
		HideSolutionNode = FALSE
	EndGlobalSection
	GlobalSection(ExtensibilityGlobals) = postSolution
		SolutionGuid = {0885228C-9FB3-4FD0-820E-7A0ACE37E321}
	EndGlobalSection
EndGlobal
